
Microsoft Visual Studio Solution File, Format Version 12.00
# Visual Studio 15
VisualStudioVersion = 15.0.27428.2037
MinimumVisualStudioVersion = 10.0.40219.1
Project("{FAE04EC0-301F-11D3-BF4B-00C04F79EFBC}") = "BikeShowRoom.WPF", "BikeShowRoom.WPF\BikeShowRoom.WPF.csproj", "{B239AB87-442B-4C26-AC4E-203FA16CD40F}"
EndProject
Project("{FAE04EC0-301F-11D3-BF4B-00C04F79EFBC}") = "Models", "Models\Models.csproj", "{D31FD277-0A25-4245-B65F-DCE4A8CD0025}"
EndProject
Project("{FAE04EC0-301F-11D3-BF4B-00C04F79EFBC}") = "ViewModel", "ViewModel\ViewModel.csproj", "{29D95A34-521E-4058-8EE1-17B88F8DAE7C}"
EndProject
Project("{FAE04EC0-301F-11D3-BF4B-00C04F79EFBC}") = "WebService", "WebService\WebService.csproj", "{31146582-E4B3-47F2-AC64-86B09B3AB724}"
EndProject
Project("{FAE04EC0-301F-11D3-BF4B-00C04F79EFBC}") = "Test", "Test\Test.csproj", "{8DFB980E-75D8-4165-82CA-9F1502733147}"
EndProject
Global
	GlobalSection(SolutionConfigurationPlatforms) = preSolution
		Debug|Any CPU = Debug|Any CPU
		Release|Any CPU = Release|Any CPU
	EndGlobalSection
	GlobalSection(ProjectConfigurationPlatforms) = postSolution
		{B239AB87-442B-4C26-AC4E-203FA16CD40F}.Debug|Any CPU.ActiveCfg = Debug|Any CPU
		{B239AB87-442B-4C26-AC4E-203FA16CD40F}.Debug|Any CPU.Build.0 = Debug|Any CPU
		{B239AB87-442B-4C26-AC4E-203FA16CD40F}.Release|Any CPU.ActiveCfg = Release|Any CPU
		{B239AB87-442B-4C26-AC4E-203FA16CD40F}.Release|Any CPU.Build.0 = Release|Any CPU
		{D31FD277-0A25-4245-B65F-DCE4A8CD0025}.Debug|Any CPU.ActiveCfg = Debug|Any CPU
		{D31FD277-0A25-4245-B65F-DCE4A8CD0025}.Debug|Any CPU.Build.0 = Debug|Any CPU
		{D31FD277-0A25-4245-B65F-DCE4A8CD0025}.Release|Any CPU.ActiveCfg = Release|Any CPU
		{D31FD277-0A25-4245-B65F-DCE4A8CD0025}.Release|Any CPU.Build.0 = Release|Any CPU
		{29D95A34-521E-4058-8EE1-17B88F8DAE7C}.Debug|Any CPU.ActiveCfg = Debug|Any CPU
		{29D95A34-521E-4058-8EE1-17B88F8DAE7C}.Debug|Any CPU.Build.0 = Debug|Any CPU
		{29D95A34-521E-4058-8EE1-17B88F8DAE7C}.Release|Any CPU.ActiveCfg = Release|Any CPU
		{29D95A34-521E-4058-8EE1-17B88F8DAE7C}.Release|Any CPU.Build.0 = Release|Any CPU
		{31146582-E4B3-47F2-AC64-86B09B3AB724}.Debug|Any CPU.ActiveCfg = Debug|Any CPU
		{31146582-E4B3-47F2-AC64-86B09B3AB724}.Debug|Any CPU.Build.0 = Debug|Any CPU
		{31146582-E4B3-47F2-AC64-86B09B3AB724}.Release|Any CPU.ActiveCfg = Release|Any CPU
		{31146582-E4B3-47F2-AC64-86B09B3AB724}.Release|Any CPU.Build.0 = Release|Any CPU
		{8DFB980E-75D8-4165-82CA-9F1502733147}.Debug|Any CPU.ActiveCfg = Debug|Any CPU
		{8DFB980E-75D8-4165-82CA-9F1502733147}.Debug|Any CPU.Build.0 = Debug|Any CPU
		{8DFB980E-75D8-4165-82CA-9F1502733147}.Release|Any CPU.ActiveCfg = Release|Any CPU
		{8DFB980E-75D8-4165-82CA-9F1502733147}.Release|Any CPU.Build.0 = Release|Any CPU
	EndGlobalSection
	GlobalSection(SolutionProperties) = preSolution
		HideSolutionNode = FALSE
	EndGlobalSection
	GlobalSection(ExtensibilityGlobals) = postSolution
		SolutionGuid = {84EBC806-D260-4F7E-9AB8-6EDDBB30F350}
	EndGlobalSection
EndGlobal
