
Microsoft Visual Studio Solution File, Format Version 12.00
# Visual Studio Version 16
VisualStudioVersion = 16.0.28803.202
MinimumVisualStudioVersion = 10.0.40219.1
Project("{9A19103F-16F7-4668-BE54-9A1E7A4F7556}") = "addon365.Web.API", "addon365.Web.API\addon365.Web.API.csproj", "{AAFC007D-085C-43B0-AEA4-B39184EE9BE5}"
EndProject
Project("{9A19103F-16F7-4668-BE54-9A1E7A4F7556}") = "addon365.Domain.Entity", "addon365.Domain.Entity\addon365.Domain.Entity.csproj", "{7418C14C-BD1D-4A81-9317-B5CEDB714DDF}"
EndProject
Project("{9A19103F-16F7-4668-BE54-9A1E7A4F7556}") = "addon365.Database", "addon365.Database\addon365.Database.csproj", "{C60B5FD6-D850-474D-8B59-9A312F7381AC}"
EndProject
Project("{9A19103F-16F7-4668-BE54-9A1E7A4F7556}") = "addon365.Database.Service", "addon365.Database.Service\addon365.Database.Service.csproj", "{8E477D58-8C3F-4189-AEBD-B991C77C033D}"
EndProject
Project("{2150E333-8FDC-42A3-9474-1A3956D46DE8}") = "Tests", "Tests", "{6302C8BF-ED62-464C-90C2-B35B65711922}"
EndProject
Project("{9A19103F-16F7-4668-BE54-9A1E7A4F7556}") = "addon365.IService", "addon365.IService\addon365.IService.csproj", "{8767E7B1-1143-4A00-8DA0-3E8BACEA0F97}"
EndProject
Project("{9A19103F-16F7-4668-BE54-9A1E7A4F7556}") = "addon365.Database.Service.Tests", "Tests\addon365.Database.Service.Tests\addon365.Database.Service.Tests.csproj", "{351A096F-4946-4610-BE5D-47930AC59A34}"
EndProject
Project("{9A19103F-16F7-4668-BE54-9A1E7A4F7556}") = "addon365.Database.Tests", "Tests\addon365.Database.Tests\addon365.Database.Tests.csproj", "{80C554CD-40C2-4BAC-8B5B-09BFF058856A}"
EndProject
Project("{9A19103F-16F7-4668-BE54-9A1E7A4F7556}") = "addon365.Web.API.Tests", "Tests\addon365.Web.API.Tests\addon365.Web.API.Tests.csproj", "{C938AA44-D366-462A-B325-BF0298397CD7}"
EndProject
Project("{2150E333-8FDC-42A3-9474-1A3956D46DE8}") = "Accounts", "Accounts", "{28E4264B-ED82-44FF-9076-6A8053F9B810}"
EndProject
Project("{9A19103F-16F7-4668-BE54-9A1E7A4F7556}") = "addon365.Accounts.DataService", "Accounts\addon365.Accounts.DataService\addon365.Accounts.DataService.csproj", "{3A338134-481F-4849-8E99-E216F3C24018}"
EndProject
Project("{9A19103F-16F7-4668-BE54-9A1E7A4F7556}") = "addon365.Accounts.IDataService", "Accounts\addon365.Accounts.IDataService\addon365.Accounts.IDataService.csproj", "{58CCE036-3A96-4216-83CA-B397A4D099D8}"
EndProject
Project("{2150E333-8FDC-42A3-9474-1A3956D46DE8}") = "Common", "Common", "{ECA7EE4B-A05C-450F-9856-3393A9425036}"
EndProject
Project("{9A19103F-16F7-4668-BE54-9A1E7A4F7556}") = "addon365.Common.DataEntity", "Common\addon365.Common.DataEntity\addon365.Common.DataEntity.csproj", "{510FC98A-8E9E-489E-956D-630AB8BB7691}"
EndProject
Project("{9A19103F-16F7-4668-BE54-9A1E7A4F7556}") = "addon365.Common.IDataService", "Common\addon365.Common.IDataService\addon365.Common.IDataService.csproj", "{C2BB0D2A-C4F9-4464-A453-3E4CE39133BB}"
EndProject
Project("{9A19103F-16F7-4668-BE54-9A1E7A4F7556}") = "addon365.Common.DataService", "Common\addon365.Common.DataService\addon365.Common.DataService.csproj", "{90FAD15E-BD67-4F58-9F9C-24B52CEEBC83}"
EndProject
Project("{2150E333-8FDC-42A3-9474-1A3956D46DE8}") = "Chit", "Chit", "{0C764628-2B65-4815-8719-429C1EB7392E}"
EndProject
Project("{9A19103F-16F7-4668-BE54-9A1E7A4F7556}") = "addon365.Chit.DataEntity", "Chit\addon365.Chit.DataEntity\addon365.Chit.DataEntity.csproj", "{BD950A6B-028F-43A1-8E39-D6D0D6EC43DB}"
EndProject
Project("{9A19103F-16F7-4668-BE54-9A1E7A4F7556}") = "addon365.Chit.DataService", "Chit\addon365.Chit.DataService\addon365.Chit.DataService.csproj", "{23866B9E-8CF7-4B28-BF85-C5A13BE3FD8A}"
EndProject
Project("{9A19103F-16F7-4668-BE54-9A1E7A4F7556}") = "addon365.Chit.IDataService", "Chit\addon365.Chit.IDataService\addon365.Chit.IDataService.csproj", "{97962FFE-9A22-4ABB-AECE-E32237150708}"
EndProject
Project("{9A19103F-16F7-4668-BE54-9A1E7A4F7556}") = "addon365.Database.Entity", "addon365.Database.Entity\addon365.Database.Entity.csproj", "{EDDAD0AD-8870-47B5-A02B-4A71AFA315E3}"
EndProject
Project("{9A19103F-16F7-4668-BE54-9A1E7A4F7556}") = "addon365.Accounts.DataEntity", "Accounts\addon365.Accounts.DataEntity\addon365.Accounts.DataEntity.csproj", "{37EE1E27-1C25-41EC-AF1B-61FC3773A8BB}"
EndProject
Project("{9A19103F-16F7-4668-BE54-9A1E7A4F7556}") = "addon365.Chit.EfContext", "Chit\addon365.Chit.EfContext\addon365.Chit.EfContext.csproj", "{62D63705-D58B-4D70-8810-6C2484325277}"
EndProject
Project("{2150E333-8FDC-42A3-9474-1A3956D46DE8}") = "Web", "Web", "{95BD2F30-2555-4EEE-8869-B4ACBAC853CC}"
EndProject
Project("{2150E333-8FDC-42A3-9474-1A3956D46DE8}") = "Windows", "Windows", "{68F6FDFE-BBD9-44D3-8459-FB4CF867794B}"
EndProject
Project("{2150E333-8FDC-42A3-9474-1A3956D46DE8}") = "Crm", "Crm", "{41A50D8C-9729-4E50-A440-7A2F0A2AB2D6}"
EndProject
Project("{9A19103F-16F7-4668-BE54-9A1E7A4F7556}") = "addon365.Crm.DataEntity", "Crm\addon365.Crm.DataEntity\addon365.Crm.DataEntity.csproj", "{B1A84676-0C6B-4190-B4E3-E37005AB21B1}"
EndProject
Project("{9A19103F-16F7-4668-BE54-9A1E7A4F7556}") = "addon365.Crm.IService", "Crm\addon365.Crm.IService\addon365.Crm.IService.csproj", "{EF654A97-284F-4A49-B53A-C690FECCEF1C}"
EndProject
Project("{9A19103F-16F7-4668-BE54-9A1E7A4F7556}") = "addon365.Crm.DataService", "Crm\addon365.Crm.DataService\addon365.Crm.DataService.csproj", "{AB28D9E3-0230-402D-A6C6-1D60622CB4D7}"
EndProject
Project("{FAE04EC0-301F-11D3-BF4B-00C04F79EFBC}") = "addon365.Chit.DomainEntity", "Chit\addon365.Chit.DomainEntity\addon365.Chit.DomainEntity.csproj", "{C7AADD66-C1E3-43F2-9EF0-21E72CFFA1A1}"
EndProject
Global
	GlobalSection(SolutionConfigurationPlatforms) = preSolution
		Debug|Any CPU = Debug|Any CPU
		Debug|x86 = Debug|x86
		Release|Any CPU = Release|Any CPU
		Release|x86 = Release|x86
	EndGlobalSection
	GlobalSection(ProjectConfigurationPlatforms) = postSolution
		{AAFC007D-085C-43B0-AEA4-B39184EE9BE5}.Debug|Any CPU.ActiveCfg = Debug|Any CPU
		{AAFC007D-085C-43B0-AEA4-B39184EE9BE5}.Debug|Any CPU.Build.0 = Debug|Any CPU
		{AAFC007D-085C-43B0-AEA4-B39184EE9BE5}.Debug|x86.ActiveCfg = Debug|x86
		{AAFC007D-085C-43B0-AEA4-B39184EE9BE5}.Debug|x86.Build.0 = Debug|x86
		{AAFC007D-085C-43B0-AEA4-B39184EE9BE5}.Release|Any CPU.ActiveCfg = Release|Any CPU
		{AAFC007D-085C-43B0-AEA4-B39184EE9BE5}.Release|Any CPU.Build.0 = Release|Any CPU
		{AAFC007D-085C-43B0-AEA4-B39184EE9BE5}.Release|x86.ActiveCfg = Release|x86
		{AAFC007D-085C-43B0-AEA4-B39184EE9BE5}.Release|x86.Build.0 = Release|x86
		{7418C14C-BD1D-4A81-9317-B5CEDB714DDF}.Debug|Any CPU.ActiveCfg = Debug|Any CPU
		{7418C14C-BD1D-4A81-9317-B5CEDB714DDF}.Debug|Any CPU.Build.0 = Debug|Any CPU
		{7418C14C-BD1D-4A81-9317-B5CEDB714DDF}.Debug|x86.ActiveCfg = Debug|x86
		{7418C14C-BD1D-4A81-9317-B5CEDB714DDF}.Debug|x86.Build.0 = Debug|x86
		{7418C14C-BD1D-4A81-9317-B5CEDB714DDF}.Release|Any CPU.ActiveCfg = Release|Any CPU
		{7418C14C-BD1D-4A81-9317-B5CEDB714DDF}.Release|Any CPU.Build.0 = Release|Any CPU
		{7418C14C-BD1D-4A81-9317-B5CEDB714DDF}.Release|x86.ActiveCfg = Release|x86
		{7418C14C-BD1D-4A81-9317-B5CEDB714DDF}.Release|x86.Build.0 = Release|x86
		{C60B5FD6-D850-474D-8B59-9A312F7381AC}.Debug|Any CPU.ActiveCfg = Debug|Any CPU
		{C60B5FD6-D850-474D-8B59-9A312F7381AC}.Debug|Any CPU.Build.0 = Debug|Any CPU
		{C60B5FD6-D850-474D-8B59-9A312F7381AC}.Debug|x86.ActiveCfg = Debug|x86
		{C60B5FD6-D850-474D-8B59-9A312F7381AC}.Debug|x86.Build.0 = Debug|x86
		{C60B5FD6-D850-474D-8B59-9A312F7381AC}.Release|Any CPU.ActiveCfg = Release|Any CPU
		{C60B5FD6-D850-474D-8B59-9A312F7381AC}.Release|Any CPU.Build.0 = Release|Any CPU
		{C60B5FD6-D850-474D-8B59-9A312F7381AC}.Release|x86.ActiveCfg = Release|x86
		{C60B5FD6-D850-474D-8B59-9A312F7381AC}.Release|x86.Build.0 = Release|x86
		{8E477D58-8C3F-4189-AEBD-B991C77C033D}.Debug|Any CPU.ActiveCfg = Debug|Any CPU
		{8E477D58-8C3F-4189-AEBD-B991C77C033D}.Debug|Any CPU.Build.0 = Debug|Any CPU
		{8E477D58-8C3F-4189-AEBD-B991C77C033D}.Debug|x86.ActiveCfg = Debug|x86
		{8E477D58-8C3F-4189-AEBD-B991C77C033D}.Debug|x86.Build.0 = Debug|x86
		{8E477D58-8C3F-4189-AEBD-B991C77C033D}.Release|Any CPU.ActiveCfg = Release|Any CPU
		{8E477D58-8C3F-4189-AEBD-B991C77C033D}.Release|Any CPU.Build.0 = Release|Any CPU
		{8E477D58-8C3F-4189-AEBD-B991C77C033D}.Release|x86.ActiveCfg = Release|x86
		{8E477D58-8C3F-4189-AEBD-B991C77C033D}.Release|x86.Build.0 = Release|x86
		{8767E7B1-1143-4A00-8DA0-3E8BACEA0F97}.Debug|Any CPU.ActiveCfg = Debug|Any CPU
		{8767E7B1-1143-4A00-8DA0-3E8BACEA0F97}.Debug|Any CPU.Build.0 = Debug|Any CPU
		{8767E7B1-1143-4A00-8DA0-3E8BACEA0F97}.Debug|x86.ActiveCfg = Debug|x86
		{8767E7B1-1143-4A00-8DA0-3E8BACEA0F97}.Debug|x86.Build.0 = Debug|x86
		{8767E7B1-1143-4A00-8DA0-3E8BACEA0F97}.Release|Any CPU.ActiveCfg = Release|Any CPU
		{8767E7B1-1143-4A00-8DA0-3E8BACEA0F97}.Release|Any CPU.Build.0 = Release|Any CPU
		{8767E7B1-1143-4A00-8DA0-3E8BACEA0F97}.Release|x86.ActiveCfg = Release|x86
		{8767E7B1-1143-4A00-8DA0-3E8BACEA0F97}.Release|x86.Build.0 = Release|x86
		{351A096F-4946-4610-BE5D-47930AC59A34}.Debug|Any CPU.ActiveCfg = Debug|Any CPU
		{351A096F-4946-4610-BE5D-47930AC59A34}.Debug|Any CPU.Build.0 = Debug|Any CPU
		{351A096F-4946-4610-BE5D-47930AC59A34}.Debug|x86.ActiveCfg = Debug|x86
		{351A096F-4946-4610-BE5D-47930AC59A34}.Debug|x86.Build.0 = Debug|x86
		{351A096F-4946-4610-BE5D-47930AC59A34}.Release|Any CPU.ActiveCfg = Release|Any CPU
		{351A096F-4946-4610-BE5D-47930AC59A34}.Release|Any CPU.Build.0 = Release|Any CPU
		{351A096F-4946-4610-BE5D-47930AC59A34}.Release|x86.ActiveCfg = Release|x86
		{351A096F-4946-4610-BE5D-47930AC59A34}.Release|x86.Build.0 = Release|x86
		{80C554CD-40C2-4BAC-8B5B-09BFF058856A}.Debug|Any CPU.ActiveCfg = Debug|Any CPU
		{80C554CD-40C2-4BAC-8B5B-09BFF058856A}.Debug|Any CPU.Build.0 = Debug|Any CPU
		{80C554CD-40C2-4BAC-8B5B-09BFF058856A}.Debug|x86.ActiveCfg = Debug|x86
		{80C554CD-40C2-4BAC-8B5B-09BFF058856A}.Debug|x86.Build.0 = Debug|x86
		{80C554CD-40C2-4BAC-8B5B-09BFF058856A}.Release|Any CPU.ActiveCfg = Release|Any CPU
		{80C554CD-40C2-4BAC-8B5B-09BFF058856A}.Release|Any CPU.Build.0 = Release|Any CPU
		{80C554CD-40C2-4BAC-8B5B-09BFF058856A}.Release|x86.ActiveCfg = Release|x86
		{80C554CD-40C2-4BAC-8B5B-09BFF058856A}.Release|x86.Build.0 = Release|x86
		{C938AA44-D366-462A-B325-BF0298397CD7}.Debug|Any CPU.ActiveCfg = Debug|Any CPU
		{C938AA44-D366-462A-B325-BF0298397CD7}.Debug|Any CPU.Build.0 = Debug|Any CPU
		{C938AA44-D366-462A-B325-BF0298397CD7}.Debug|x86.ActiveCfg = Debug|x86
		{C938AA44-D366-462A-B325-BF0298397CD7}.Debug|x86.Build.0 = Debug|x86
		{C938AA44-D366-462A-B325-BF0298397CD7}.Release|Any CPU.ActiveCfg = Release|Any CPU
		{C938AA44-D366-462A-B325-BF0298397CD7}.Release|Any CPU.Build.0 = Release|Any CPU
		{C938AA44-D366-462A-B325-BF0298397CD7}.Release|x86.ActiveCfg = Release|x86
		{C938AA44-D366-462A-B325-BF0298397CD7}.Release|x86.Build.0 = Release|x86
		{3A338134-481F-4849-8E99-E216F3C24018}.Debug|Any CPU.ActiveCfg = Debug|Any CPU
		{3A338134-481F-4849-8E99-E216F3C24018}.Debug|Any CPU.Build.0 = Debug|Any CPU
		{3A338134-481F-4849-8E99-E216F3C24018}.Debug|x86.ActiveCfg = Debug|Any CPU
		{3A338134-481F-4849-8E99-E216F3C24018}.Debug|x86.Build.0 = Debug|Any CPU
		{3A338134-481F-4849-8E99-E216F3C24018}.Release|Any CPU.ActiveCfg = Release|Any CPU
		{3A338134-481F-4849-8E99-E216F3C24018}.Release|Any CPU.Build.0 = Release|Any CPU
		{3A338134-481F-4849-8E99-E216F3C24018}.Release|x86.ActiveCfg = Release|Any CPU
		{3A338134-481F-4849-8E99-E216F3C24018}.Release|x86.Build.0 = Release|Any CPU
		{58CCE036-3A96-4216-83CA-B397A4D099D8}.Debug|Any CPU.ActiveCfg = Debug|Any CPU
		{58CCE036-3A96-4216-83CA-B397A4D099D8}.Debug|Any CPU.Build.0 = Debug|Any CPU
		{58CCE036-3A96-4216-83CA-B397A4D099D8}.Debug|x86.ActiveCfg = Debug|Any CPU
		{58CCE036-3A96-4216-83CA-B397A4D099D8}.Debug|x86.Build.0 = Debug|Any CPU
		{58CCE036-3A96-4216-83CA-B397A4D099D8}.Release|Any CPU.ActiveCfg = Release|Any CPU
		{58CCE036-3A96-4216-83CA-B397A4D099D8}.Release|Any CPU.Build.0 = Release|Any CPU
		{58CCE036-3A96-4216-83CA-B397A4D099D8}.Release|x86.ActiveCfg = Release|Any CPU
		{58CCE036-3A96-4216-83CA-B397A4D099D8}.Release|x86.Build.0 = Release|Any CPU
		{510FC98A-8E9E-489E-956D-630AB8BB7691}.Debug|Any CPU.ActiveCfg = Debug|Any CPU
		{510FC98A-8E9E-489E-956D-630AB8BB7691}.Debug|Any CPU.Build.0 = Debug|Any CPU
		{510FC98A-8E9E-489E-956D-630AB8BB7691}.Debug|x86.ActiveCfg = Debug|Any CPU
		{510FC98A-8E9E-489E-956D-630AB8BB7691}.Debug|x86.Build.0 = Debug|Any CPU
		{510FC98A-8E9E-489E-956D-630AB8BB7691}.Release|Any CPU.ActiveCfg = Release|Any CPU
		{510FC98A-8E9E-489E-956D-630AB8BB7691}.Release|Any CPU.Build.0 = Release|Any CPU
		{510FC98A-8E9E-489E-956D-630AB8BB7691}.Release|x86.ActiveCfg = Release|Any CPU
		{510FC98A-8E9E-489E-956D-630AB8BB7691}.Release|x86.Build.0 = Release|Any CPU
		{C2BB0D2A-C4F9-4464-A453-3E4CE39133BB}.Debug|Any CPU.ActiveCfg = Debug|Any CPU
		{C2BB0D2A-C4F9-4464-A453-3E4CE39133BB}.Debug|Any CPU.Build.0 = Debug|Any CPU
		{C2BB0D2A-C4F9-4464-A453-3E4CE39133BB}.Debug|x86.ActiveCfg = Debug|Any CPU
		{C2BB0D2A-C4F9-4464-A453-3E4CE39133BB}.Debug|x86.Build.0 = Debug|Any CPU
		{C2BB0D2A-C4F9-4464-A453-3E4CE39133BB}.Release|Any CPU.ActiveCfg = Release|Any CPU
		{C2BB0D2A-C4F9-4464-A453-3E4CE39133BB}.Release|Any CPU.Build.0 = Release|Any CPU
		{C2BB0D2A-C4F9-4464-A453-3E4CE39133BB}.Release|x86.ActiveCfg = Release|Any CPU
		{C2BB0D2A-C4F9-4464-A453-3E4CE39133BB}.Release|x86.Build.0 = Release|Any CPU
		{90FAD15E-BD67-4F58-9F9C-24B52CEEBC83}.Debug|Any CPU.ActiveCfg = Debug|Any CPU
		{90FAD15E-BD67-4F58-9F9C-24B52CEEBC83}.Debug|Any CPU.Build.0 = Debug|Any CPU
		{90FAD15E-BD67-4F58-9F9C-24B52CEEBC83}.Debug|x86.ActiveCfg = Debug|Any CPU
		{90FAD15E-BD67-4F58-9F9C-24B52CEEBC83}.Debug|x86.Build.0 = Debug|Any CPU
		{90FAD15E-BD67-4F58-9F9C-24B52CEEBC83}.Release|Any CPU.ActiveCfg = Release|Any CPU
		{90FAD15E-BD67-4F58-9F9C-24B52CEEBC83}.Release|Any CPU.Build.0 = Release|Any CPU
		{90FAD15E-BD67-4F58-9F9C-24B52CEEBC83}.Release|x86.ActiveCfg = Release|Any CPU
		{90FAD15E-BD67-4F58-9F9C-24B52CEEBC83}.Release|x86.Build.0 = Release|Any CPU
		{BD950A6B-028F-43A1-8E39-D6D0D6EC43DB}.Debug|Any CPU.ActiveCfg = Debug|Any CPU
		{BD950A6B-028F-43A1-8E39-D6D0D6EC43DB}.Debug|Any CPU.Build.0 = Debug|Any CPU
		{BD950A6B-028F-43A1-8E39-D6D0D6EC43DB}.Debug|x86.ActiveCfg = Debug|Any CPU
		{BD950A6B-028F-43A1-8E39-D6D0D6EC43DB}.Debug|x86.Build.0 = Debug|Any CPU
		{BD950A6B-028F-43A1-8E39-D6D0D6EC43DB}.Release|Any CPU.ActiveCfg = Release|Any CPU
		{BD950A6B-028F-43A1-8E39-D6D0D6EC43DB}.Release|Any CPU.Build.0 = Release|Any CPU
		{BD950A6B-028F-43A1-8E39-D6D0D6EC43DB}.Release|x86.ActiveCfg = Release|Any CPU
		{BD950A6B-028F-43A1-8E39-D6D0D6EC43DB}.Release|x86.Build.0 = Release|Any CPU
		{23866B9E-8CF7-4B28-BF85-C5A13BE3FD8A}.Debug|Any CPU.ActiveCfg = Debug|Any CPU
		{23866B9E-8CF7-4B28-BF85-C5A13BE3FD8A}.Debug|Any CPU.Build.0 = Debug|Any CPU
		{23866B9E-8CF7-4B28-BF85-C5A13BE3FD8A}.Debug|x86.ActiveCfg = Debug|Any CPU
		{23866B9E-8CF7-4B28-BF85-C5A13BE3FD8A}.Debug|x86.Build.0 = Debug|Any CPU
		{23866B9E-8CF7-4B28-BF85-C5A13BE3FD8A}.Release|Any CPU.ActiveCfg = Release|Any CPU
		{23866B9E-8CF7-4B28-BF85-C5A13BE3FD8A}.Release|Any CPU.Build.0 = Release|Any CPU
		{23866B9E-8CF7-4B28-BF85-C5A13BE3FD8A}.Release|x86.ActiveCfg = Release|Any CPU
		{23866B9E-8CF7-4B28-BF85-C5A13BE3FD8A}.Release|x86.Build.0 = Release|Any CPU
		{97962FFE-9A22-4ABB-AECE-E32237150708}.Debug|Any CPU.ActiveCfg = Debug|Any CPU
		{97962FFE-9A22-4ABB-AECE-E32237150708}.Debug|Any CPU.Build.0 = Debug|Any CPU
		{97962FFE-9A22-4ABB-AECE-E32237150708}.Debug|x86.ActiveCfg = Debug|Any CPU
		{97962FFE-9A22-4ABB-AECE-E32237150708}.Debug|x86.Build.0 = Debug|Any CPU
		{97962FFE-9A22-4ABB-AECE-E32237150708}.Release|Any CPU.ActiveCfg = Release|Any CPU
		{97962FFE-9A22-4ABB-AECE-E32237150708}.Release|Any CPU.Build.0 = Release|Any CPU
		{97962FFE-9A22-4ABB-AECE-E32237150708}.Release|x86.ActiveCfg = Release|Any CPU
		{97962FFE-9A22-4ABB-AECE-E32237150708}.Release|x86.Build.0 = Release|Any CPU
		{EDDAD0AD-8870-47B5-A02B-4A71AFA315E3}.Debug|Any CPU.ActiveCfg = Debug|Any CPU
		{EDDAD0AD-8870-47B5-A02B-4A71AFA315E3}.Debug|Any CPU.Build.0 = Debug|Any CPU
		{EDDAD0AD-8870-47B5-A02B-4A71AFA315E3}.Debug|x86.ActiveCfg = Debug|x86
		{EDDAD0AD-8870-47B5-A02B-4A71AFA315E3}.Debug|x86.Build.0 = Debug|x86
		{EDDAD0AD-8870-47B5-A02B-4A71AFA315E3}.Release|Any CPU.ActiveCfg = Release|Any CPU
		{EDDAD0AD-8870-47B5-A02B-4A71AFA315E3}.Release|Any CPU.Build.0 = Release|Any CPU
		{EDDAD0AD-8870-47B5-A02B-4A71AFA315E3}.Release|x86.ActiveCfg = Release|x86
		{EDDAD0AD-8870-47B5-A02B-4A71AFA315E3}.Release|x86.Build.0 = Release|x86
		{37EE1E27-1C25-41EC-AF1B-61FC3773A8BB}.Debug|Any CPU.ActiveCfg = Debug|Any CPU
		{37EE1E27-1C25-41EC-AF1B-61FC3773A8BB}.Debug|Any CPU.Build.0 = Debug|Any CPU
		{37EE1E27-1C25-41EC-AF1B-61FC3773A8BB}.Debug|x86.ActiveCfg = Debug|Any CPU
		{37EE1E27-1C25-41EC-AF1B-61FC3773A8BB}.Debug|x86.Build.0 = Debug|Any CPU
		{37EE1E27-1C25-41EC-AF1B-61FC3773A8BB}.Release|Any CPU.ActiveCfg = Release|Any CPU
		{37EE1E27-1C25-41EC-AF1B-61FC3773A8BB}.Release|Any CPU.Build.0 = Release|Any CPU
		{37EE1E27-1C25-41EC-AF1B-61FC3773A8BB}.Release|x86.ActiveCfg = Release|Any CPU
		{37EE1E27-1C25-41EC-AF1B-61FC3773A8BB}.Release|x86.Build.0 = Release|Any CPU
		{62D63705-D58B-4D70-8810-6C2484325277}.Debug|Any CPU.ActiveCfg = Debug|Any CPU
		{62D63705-D58B-4D70-8810-6C2484325277}.Debug|Any CPU.Build.0 = Debug|Any CPU
		{62D63705-D58B-4D70-8810-6C2484325277}.Debug|x86.ActiveCfg = Debug|Any CPU
		{62D63705-D58B-4D70-8810-6C2484325277}.Debug|x86.Build.0 = Debug|Any CPU
		{62D63705-D58B-4D70-8810-6C2484325277}.Release|Any CPU.ActiveCfg = Release|Any CPU
		{62D63705-D58B-4D70-8810-6C2484325277}.Release|Any CPU.Build.0 = Release|Any CPU
		{62D63705-D58B-4D70-8810-6C2484325277}.Release|x86.ActiveCfg = Release|Any CPU
		{62D63705-D58B-4D70-8810-6C2484325277}.Release|x86.Build.0 = Release|Any CPU
		{B1A84676-0C6B-4190-B4E3-E37005AB21B1}.Debug|Any CPU.ActiveCfg = Debug|Any CPU
		{B1A84676-0C6B-4190-B4E3-E37005AB21B1}.Debug|Any CPU.Build.0 = Debug|Any CPU
		{B1A84676-0C6B-4190-B4E3-E37005AB21B1}.Debug|x86.ActiveCfg = Debug|Any CPU
		{B1A84676-0C6B-4190-B4E3-E37005AB21B1}.Debug|x86.Build.0 = Debug|Any CPU
		{B1A84676-0C6B-4190-B4E3-E37005AB21B1}.Release|Any CPU.ActiveCfg = Release|Any CPU
		{B1A84676-0C6B-4190-B4E3-E37005AB21B1}.Release|Any CPU.Build.0 = Release|Any CPU
		{B1A84676-0C6B-4190-B4E3-E37005AB21B1}.Release|x86.ActiveCfg = Release|Any CPU
		{B1A84676-0C6B-4190-B4E3-E37005AB21B1}.Release|x86.Build.0 = Release|Any CPU
		{EF654A97-284F-4A49-B53A-C690FECCEF1C}.Debug|Any CPU.ActiveCfg = Debug|Any CPU
		{EF654A97-284F-4A49-B53A-C690FECCEF1C}.Debug|Any CPU.Build.0 = Debug|Any CPU
		{EF654A97-284F-4A49-B53A-C690FECCEF1C}.Debug|x86.ActiveCfg = Debug|Any CPU
		{EF654A97-284F-4A49-B53A-C690FECCEF1C}.Debug|x86.Build.0 = Debug|Any CPU
		{EF654A97-284F-4A49-B53A-C690FECCEF1C}.Release|Any CPU.ActiveCfg = Release|Any CPU
		{EF654A97-284F-4A49-B53A-C690FECCEF1C}.Release|Any CPU.Build.0 = Release|Any CPU
		{EF654A97-284F-4A49-B53A-C690FECCEF1C}.Release|x86.ActiveCfg = Release|Any CPU
		{EF654A97-284F-4A49-B53A-C690FECCEF1C}.Release|x86.Build.0 = Release|Any CPU
		{AB28D9E3-0230-402D-A6C6-1D60622CB4D7}.Debug|Any CPU.ActiveCfg = Debug|Any CPU
		{AB28D9E3-0230-402D-A6C6-1D60622CB4D7}.Debug|Any CPU.Build.0 = Debug|Any CPU
		{AB28D9E3-0230-402D-A6C6-1D60622CB4D7}.Debug|x86.ActiveCfg = Debug|Any CPU
		{AB28D9E3-0230-402D-A6C6-1D60622CB4D7}.Debug|x86.Build.0 = Debug|Any CPU
		{AB28D9E3-0230-402D-A6C6-1D60622CB4D7}.Release|Any CPU.ActiveCfg = Release|Any CPU
		{AB28D9E3-0230-402D-A6C6-1D60622CB4D7}.Release|Any CPU.Build.0 = Release|Any CPU
		{AB28D9E3-0230-402D-A6C6-1D60622CB4D7}.Release|x86.ActiveCfg = Release|Any CPU
		{AB28D9E3-0230-402D-A6C6-1D60622CB4D7}.Release|x86.Build.0 = Release|Any CPU
		{C7AADD66-C1E3-43F2-9EF0-21E72CFFA1A1}.Debug|Any CPU.ActiveCfg = Debug|Any CPU
		{C7AADD66-C1E3-43F2-9EF0-21E72CFFA1A1}.Debug|Any CPU.Build.0 = Debug|Any CPU
		{C7AADD66-C1E3-43F2-9EF0-21E72CFFA1A1}.Debug|x86.ActiveCfg = Debug|Any CPU
		{C7AADD66-C1E3-43F2-9EF0-21E72CFFA1A1}.Debug|x86.Build.0 = Debug|Any CPU
		{C7AADD66-C1E3-43F2-9EF0-21E72CFFA1A1}.Release|Any CPU.ActiveCfg = Release|Any CPU
		{C7AADD66-C1E3-43F2-9EF0-21E72CFFA1A1}.Release|Any CPU.Build.0 = Release|Any CPU
		{C7AADD66-C1E3-43F2-9EF0-21E72CFFA1A1}.Release|x86.ActiveCfg = Release|Any CPU
		{C7AADD66-C1E3-43F2-9EF0-21E72CFFA1A1}.Release|x86.Build.0 = Release|Any CPU
	EndGlobalSection
	GlobalSection(SolutionProperties) = preSolution
		HideSolutionNode = FALSE
	EndGlobalSection
	GlobalSection(NestedProjects) = preSolution
		{351A096F-4946-4610-BE5D-47930AC59A34} = {6302C8BF-ED62-464C-90C2-B35B65711922}
		{80C554CD-40C2-4BAC-8B5B-09BFF058856A} = {6302C8BF-ED62-464C-90C2-B35B65711922}
		{C938AA44-D366-462A-B325-BF0298397CD7} = {6302C8BF-ED62-464C-90C2-B35B65711922}
		{3A338134-481F-4849-8E99-E216F3C24018} = {28E4264B-ED82-44FF-9076-6A8053F9B810}
		{58CCE036-3A96-4216-83CA-B397A4D099D8} = {28E4264B-ED82-44FF-9076-6A8053F9B810}
		{510FC98A-8E9E-489E-956D-630AB8BB7691} = {ECA7EE4B-A05C-450F-9856-3393A9425036}
		{C2BB0D2A-C4F9-4464-A453-3E4CE39133BB} = {ECA7EE4B-A05C-450F-9856-3393A9425036}
		{90FAD15E-BD67-4F58-9F9C-24B52CEEBC83} = {ECA7EE4B-A05C-450F-9856-3393A9425036}
		{BD950A6B-028F-43A1-8E39-D6D0D6EC43DB} = {0C764628-2B65-4815-8719-429C1EB7392E}
		{23866B9E-8CF7-4B28-BF85-C5A13BE3FD8A} = {0C764628-2B65-4815-8719-429C1EB7392E}
		{97962FFE-9A22-4ABB-AECE-E32237150708} = {0C764628-2B65-4815-8719-429C1EB7392E}
		{37EE1E27-1C25-41EC-AF1B-61FC3773A8BB} = {28E4264B-ED82-44FF-9076-6A8053F9B810}
		{62D63705-D58B-4D70-8810-6C2484325277} = {0C764628-2B65-4815-8719-429C1EB7392E}
		{95BD2F30-2555-4EEE-8869-B4ACBAC853CC} = {0C764628-2B65-4815-8719-429C1EB7392E}
		{68F6FDFE-BBD9-44D3-8459-FB4CF867794B} = {0C764628-2B65-4815-8719-429C1EB7392E}
		{B1A84676-0C6B-4190-B4E3-E37005AB21B1} = {41A50D8C-9729-4E50-A440-7A2F0A2AB2D6}
		{EF654A97-284F-4A49-B53A-C690FECCEF1C} = {41A50D8C-9729-4E50-A440-7A2F0A2AB2D6}
		{AB28D9E3-0230-402D-A6C6-1D60622CB4D7} = {41A50D8C-9729-4E50-A440-7A2F0A2AB2D6}
		{C7AADD66-C1E3-43F2-9EF0-21E72CFFA1A1} = {0C764628-2B65-4815-8719-429C1EB7392E}
	EndGlobalSection
	GlobalSection(ExtensibilityGlobals) = postSolution
		SolutionGuid = {4E1EDFA2-04DB-4075-806B-548493C2475D}
	EndGlobalSection
EndGlobal
