
Microsoft Visual Studio Solution File, Format Version 12.00
# Visual Studio 15
VisualStudioVersion = 15.0.27130.2024
MinimumVisualStudioVersion = 10.0.40219.1
Project("{9A19103F-16F7-4668-BE54-9A1E7A4F7556}") = "swcApi", "Api\swcApi.csproj", "{AAFC007D-085C-43B0-AEA4-B39184EE9BE5}"
EndProject
Project("{9A19103F-16F7-4668-BE54-9A1E7A4F7556}") = "Api.Domain", "Api.Domain\Api.Domain.csproj", "{7418C14C-BD1D-4A81-9317-B5CEDB714DDF}"
EndProject
Project("{9A19103F-16F7-4668-BE54-9A1E7A4F7556}") = "Api.Database.Entity", "Api.Database.Entity\Api.Database.Entity.csproj", "{AFEC9B2A-36C6-4917-9142-453928DE1F35}"
EndProject
Project("{9A19103F-16F7-4668-BE54-9A1E7A4F7556}") = "Api.Database", "Api.Database\Api.Database.csproj", "{C60B5FD6-D850-474D-8B59-9A312F7381AC}"
EndProject
Project("{9A19103F-16F7-4668-BE54-9A1E7A4F7556}") = "Swc.Service", "Swc.Service\Swc.Service.csproj", "{8E477D58-8C3F-4189-AEBD-B991C77C033D}"
EndProject
Project("{2150E333-8FDC-42A3-9474-1A3956D46DE8}") = "Tests", "Tests", "{6302C8BF-ED62-464C-90C2-B35B65711922}"
EndProject
Project("{9A19103F-16F7-4668-BE54-9A1E7A4F7556}") = "swcApi.Tests", "swcApi.Tests\swcApi.Tests.csproj", "{B36CCD09-D865-45CC-9FD3-2A6DB8476C19}"
EndProject
Project("{9A19103F-16F7-4668-BE54-9A1E7A4F7556}") = "Swc.Service.Tests", "Swc.Service.Tests\Swc.Service.Tests.csproj", "{BA685885-9345-454B-848F-7E893250F777}"
EndProject
Project("{9A19103F-16F7-4668-BE54-9A1E7A4F7556}") = "Api.Database.Tests", "Api.Database.Tests\Api.Database.Tests.csproj", "{AB54807F-04FD-43DD-BCE2-54DC5CC33D90}"
EndProject
Project("{2150E333-8FDC-42A3-9474-1A3956D46DE8}") = "View", "View", "{5384B644-23C4-4F9D-872B-6D24375D960B}"
EndProject
Project("{FAE04EC0-301F-11D3-BF4B-00C04F79EFBC}") = "BikeShowRoom.WPF", "BikeShowRoom.WPF\BikeShowRoom.WPF.csproj", "{B239AB87-442B-4C26-AC4E-203FA16CD40F}"
EndProject
Project("{9A19103F-16F7-4668-BE54-9A1E7A4F7556}") = "ViewModel", "ViewModel\ViewModel.csproj", "{DCB74093-CD12-478B-BE5A-7886295E1A2C}"
EndProject
Project("{9A19103F-16F7-4668-BE54-9A1E7A4F7556}") = "addon.BikeShowRoomService", "addon.BikeShowRoomService\addon.BikeShowRoomService.csproj", "{B4493FD9-C5A3-42A3-8B48-3287216DD7D4}"
EndProject
Project("{FAE04EC0-301F-11D3-BF4B-00C04F79EFBC}") = "CrossButton", "CrossButton\CrossButton.csproj", "{341CE028-D1FF-4694-B510-153EE19B813A}"
EndProject
Global
	GlobalSection(SolutionConfigurationPlatforms) = preSolution
		Debug|Any CPU = Debug|Any CPU
		Debug|x86 = Debug|x86
		Release|Any CPU = Release|Any CPU
		Release|x86 = Release|x86
	EndGlobalSection
	GlobalSection(ProjectConfigurationPlatforms) = postSolution
		{AAFC007D-085C-43B0-AEA4-B39184EE9BE5}.Debug|Any CPU.ActiveCfg = Debug|Any CPU
		{AAFC007D-085C-43B0-AEA4-B39184EE9BE5}.Debug|Any CPU.Build.0 = Debug|Any CPU
		{AAFC007D-085C-43B0-AEA4-B39184EE9BE5}.Debug|x86.ActiveCfg = Debug|x86
		{AAFC007D-085C-43B0-AEA4-B39184EE9BE5}.Debug|x86.Build.0 = Debug|x86
		{AAFC007D-085C-43B0-AEA4-B39184EE9BE5}.Release|Any CPU.ActiveCfg = Release|Any CPU
		{AAFC007D-085C-43B0-AEA4-B39184EE9BE5}.Release|Any CPU.Build.0 = Release|Any CPU
		{AAFC007D-085C-43B0-AEA4-B39184EE9BE5}.Release|x86.ActiveCfg = Release|x86
		{AAFC007D-085C-43B0-AEA4-B39184EE9BE5}.Release|x86.Build.0 = Release|x86
		{7418C14C-BD1D-4A81-9317-B5CEDB714DDF}.Debug|Any CPU.ActiveCfg = Debug|Any CPU
		{7418C14C-BD1D-4A81-9317-B5CEDB714DDF}.Debug|Any CPU.Build.0 = Debug|Any CPU
		{7418C14C-BD1D-4A81-9317-B5CEDB714DDF}.Debug|x86.ActiveCfg = Debug|x86
		{7418C14C-BD1D-4A81-9317-B5CEDB714DDF}.Debug|x86.Build.0 = Debug|x86
		{7418C14C-BD1D-4A81-9317-B5CEDB714DDF}.Release|Any CPU.ActiveCfg = Release|Any CPU
		{7418C14C-BD1D-4A81-9317-B5CEDB714DDF}.Release|Any CPU.Build.0 = Release|Any CPU
		{7418C14C-BD1D-4A81-9317-B5CEDB714DDF}.Release|x86.ActiveCfg = Release|x86
		{7418C14C-BD1D-4A81-9317-B5CEDB714DDF}.Release|x86.Build.0 = Release|x86
		{AFEC9B2A-36C6-4917-9142-453928DE1F35}.Debug|Any CPU.ActiveCfg = Debug|Any CPU
		{AFEC9B2A-36C6-4917-9142-453928DE1F35}.Debug|Any CPU.Build.0 = Debug|Any CPU
		{AFEC9B2A-36C6-4917-9142-453928DE1F35}.Debug|x86.ActiveCfg = Debug|x86
		{AFEC9B2A-36C6-4917-9142-453928DE1F35}.Debug|x86.Build.0 = Debug|x86
		{AFEC9B2A-36C6-4917-9142-453928DE1F35}.Release|Any CPU.ActiveCfg = Release|Any CPU
		{AFEC9B2A-36C6-4917-9142-453928DE1F35}.Release|Any CPU.Build.0 = Release|Any CPU
		{AFEC9B2A-36C6-4917-9142-453928DE1F35}.Release|x86.ActiveCfg = Release|x86
		{AFEC9B2A-36C6-4917-9142-453928DE1F35}.Release|x86.Build.0 = Release|x86
		{C60B5FD6-D850-474D-8B59-9A312F7381AC}.Debug|Any CPU.ActiveCfg = Debug|Any CPU
		{C60B5FD6-D850-474D-8B59-9A312F7381AC}.Debug|Any CPU.Build.0 = Debug|Any CPU
		{C60B5FD6-D850-474D-8B59-9A312F7381AC}.Debug|x86.ActiveCfg = Debug|x86
		{C60B5FD6-D850-474D-8B59-9A312F7381AC}.Debug|x86.Build.0 = Debug|x86
		{C60B5FD6-D850-474D-8B59-9A312F7381AC}.Release|Any CPU.ActiveCfg = Release|Any CPU
		{C60B5FD6-D850-474D-8B59-9A312F7381AC}.Release|Any CPU.Build.0 = Release|Any CPU
		{C60B5FD6-D850-474D-8B59-9A312F7381AC}.Release|x86.ActiveCfg = Release|x86
		{C60B5FD6-D850-474D-8B59-9A312F7381AC}.Release|x86.Build.0 = Release|x86
		{8E477D58-8C3F-4189-AEBD-B991C77C033D}.Debug|Any CPU.ActiveCfg = Debug|Any CPU
		{8E477D58-8C3F-4189-AEBD-B991C77C033D}.Debug|Any CPU.Build.0 = Debug|Any CPU
		{8E477D58-8C3F-4189-AEBD-B991C77C033D}.Debug|x86.ActiveCfg = Debug|x86
		{8E477D58-8C3F-4189-AEBD-B991C77C033D}.Debug|x86.Build.0 = Debug|x86
		{8E477D58-8C3F-4189-AEBD-B991C77C033D}.Release|Any CPU.ActiveCfg = Release|Any CPU
		{8E477D58-8C3F-4189-AEBD-B991C77C033D}.Release|Any CPU.Build.0 = Release|Any CPU
		{8E477D58-8C3F-4189-AEBD-B991C77C033D}.Release|x86.ActiveCfg = Release|x86
		{8E477D58-8C3F-4189-AEBD-B991C77C033D}.Release|x86.Build.0 = Release|x86
		{B36CCD09-D865-45CC-9FD3-2A6DB8476C19}.Debug|Any CPU.ActiveCfg = Debug|Any CPU
		{B36CCD09-D865-45CC-9FD3-2A6DB8476C19}.Debug|Any CPU.Build.0 = Debug|Any CPU
		{B36CCD09-D865-45CC-9FD3-2A6DB8476C19}.Debug|x86.ActiveCfg = Debug|x86
		{B36CCD09-D865-45CC-9FD3-2A6DB8476C19}.Debug|x86.Build.0 = Debug|x86
		{B36CCD09-D865-45CC-9FD3-2A6DB8476C19}.Release|Any CPU.ActiveCfg = Release|Any CPU
		{B36CCD09-D865-45CC-9FD3-2A6DB8476C19}.Release|Any CPU.Build.0 = Release|Any CPU
		{B36CCD09-D865-45CC-9FD3-2A6DB8476C19}.Release|x86.ActiveCfg = Release|x86
		{B36CCD09-D865-45CC-9FD3-2A6DB8476C19}.Release|x86.Build.0 = Release|x86
		{BA685885-9345-454B-848F-7E893250F777}.Debug|Any CPU.ActiveCfg = Debug|Any CPU
		{BA685885-9345-454B-848F-7E893250F777}.Debug|Any CPU.Build.0 = Debug|Any CPU
		{BA685885-9345-454B-848F-7E893250F777}.Debug|x86.ActiveCfg = Debug|x86
		{BA685885-9345-454B-848F-7E893250F777}.Debug|x86.Build.0 = Debug|x86
		{BA685885-9345-454B-848F-7E893250F777}.Release|Any CPU.ActiveCfg = Release|Any CPU
		{BA685885-9345-454B-848F-7E893250F777}.Release|Any CPU.Build.0 = Release|Any CPU
		{BA685885-9345-454B-848F-7E893250F777}.Release|x86.ActiveCfg = Release|x86
		{BA685885-9345-454B-848F-7E893250F777}.Release|x86.Build.0 = Release|x86
		{AB54807F-04FD-43DD-BCE2-54DC5CC33D90}.Debug|Any CPU.ActiveCfg = Debug|Any CPU
		{AB54807F-04FD-43DD-BCE2-54DC5CC33D90}.Debug|Any CPU.Build.0 = Debug|Any CPU
		{AB54807F-04FD-43DD-BCE2-54DC5CC33D90}.Debug|x86.ActiveCfg = Debug|x86
		{AB54807F-04FD-43DD-BCE2-54DC5CC33D90}.Debug|x86.Build.0 = Debug|x86
		{AB54807F-04FD-43DD-BCE2-54DC5CC33D90}.Release|Any CPU.ActiveCfg = Release|Any CPU
		{AB54807F-04FD-43DD-BCE2-54DC5CC33D90}.Release|Any CPU.Build.0 = Release|Any CPU
		{AB54807F-04FD-43DD-BCE2-54DC5CC33D90}.Release|x86.ActiveCfg = Release|x86
		{AB54807F-04FD-43DD-BCE2-54DC5CC33D90}.Release|x86.Build.0 = Release|x86
		{B239AB87-442B-4C26-AC4E-203FA16CD40F}.Debug|Any CPU.ActiveCfg = Debug|Any CPU
		{B239AB87-442B-4C26-AC4E-203FA16CD40F}.Debug|Any CPU.Build.0 = Debug|Any CPU
		{B239AB87-442B-4C26-AC4E-203FA16CD40F}.Debug|x86.ActiveCfg = Debug|x86
		{B239AB87-442B-4C26-AC4E-203FA16CD40F}.Debug|x86.Build.0 = Debug|x86
		{B239AB87-442B-4C26-AC4E-203FA16CD40F}.Release|Any CPU.ActiveCfg = Release|Any CPU
		{B239AB87-442B-4C26-AC4E-203FA16CD40F}.Release|Any CPU.Build.0 = Release|Any CPU
		{B239AB87-442B-4C26-AC4E-203FA16CD40F}.Release|x86.ActiveCfg = Release|x86
		{B239AB87-442B-4C26-AC4E-203FA16CD40F}.Release|x86.Build.0 = Release|x86
		{DCB74093-CD12-478B-BE5A-7886295E1A2C}.Debug|Any CPU.ActiveCfg = Debug|Any CPU
		{DCB74093-CD12-478B-BE5A-7886295E1A2C}.Debug|Any CPU.Build.0 = Debug|Any CPU
		{DCB74093-CD12-478B-BE5A-7886295E1A2C}.Debug|x86.ActiveCfg = Debug|x86
		{DCB74093-CD12-478B-BE5A-7886295E1A2C}.Debug|x86.Build.0 = Debug|x86
		{DCB74093-CD12-478B-BE5A-7886295E1A2C}.Release|Any CPU.ActiveCfg = Release|Any CPU
		{DCB74093-CD12-478B-BE5A-7886295E1A2C}.Release|Any CPU.Build.0 = Release|Any CPU
		{DCB74093-CD12-478B-BE5A-7886295E1A2C}.Release|x86.ActiveCfg = Release|x86
		{DCB74093-CD12-478B-BE5A-7886295E1A2C}.Release|x86.Build.0 = Release|x86
		{B4493FD9-C5A3-42A3-8B48-3287216DD7D4}.Debug|Any CPU.ActiveCfg = Debug|Any CPU
		{B4493FD9-C5A3-42A3-8B48-3287216DD7D4}.Debug|Any CPU.Build.0 = Debug|Any CPU
		{B4493FD9-C5A3-42A3-8B48-3287216DD7D4}.Debug|x86.ActiveCfg = Debug|x86
		{B4493FD9-C5A3-42A3-8B48-3287216DD7D4}.Debug|x86.Build.0 = Debug|x86
		{B4493FD9-C5A3-42A3-8B48-3287216DD7D4}.Release|Any CPU.ActiveCfg = Release|Any CPU
		{B4493FD9-C5A3-42A3-8B48-3287216DD7D4}.Release|Any CPU.Build.0 = Release|Any CPU
		{B4493FD9-C5A3-42A3-8B48-3287216DD7D4}.Release|x86.ActiveCfg = Release|x86
		{B4493FD9-C5A3-42A3-8B48-3287216DD7D4}.Release|x86.Build.0 = Release|x86
		{341CE028-D1FF-4694-B510-153EE19B813A}.Debug|Any CPU.ActiveCfg = Debug|Any CPU
		{341CE028-D1FF-4694-B510-153EE19B813A}.Debug|Any CPU.Build.0 = Debug|Any CPU
		{341CE028-D1FF-4694-B510-153EE19B813A}.Debug|x86.ActiveCfg = Debug|Any CPU
		{341CE028-D1FF-4694-B510-153EE19B813A}.Debug|x86.Build.0 = Debug|Any CPU
		{341CE028-D1FF-4694-B510-153EE19B813A}.Release|Any CPU.ActiveCfg = Release|Any CPU
		{341CE028-D1FF-4694-B510-153EE19B813A}.Release|Any CPU.Build.0 = Release|Any CPU
		{341CE028-D1FF-4694-B510-153EE19B813A}.Release|x86.ActiveCfg = Release|Any CPU
		{341CE028-D1FF-4694-B510-153EE19B813A}.Release|x86.Build.0 = Release|Any CPU
	EndGlobalSection
	GlobalSection(SolutionProperties) = preSolution
		HideSolutionNode = FALSE
	EndGlobalSection
	GlobalSection(NestedProjects) = preSolution
		{B36CCD09-D865-45CC-9FD3-2A6DB8476C19} = {6302C8BF-ED62-464C-90C2-B35B65711922}
		{BA685885-9345-454B-848F-7E893250F777} = {6302C8BF-ED62-464C-90C2-B35B65711922}
		{AB54807F-04FD-43DD-BCE2-54DC5CC33D90} = {6302C8BF-ED62-464C-90C2-B35B65711922}
		{B239AB87-442B-4C26-AC4E-203FA16CD40F} = {5384B644-23C4-4F9D-872B-6D24375D960B}
		{DCB74093-CD12-478B-BE5A-7886295E1A2C} = {5384B644-23C4-4F9D-872B-6D24375D960B}
		{341CE028-D1FF-4694-B510-153EE19B813A} = {5384B644-23C4-4F9D-872B-6D24375D960B}
	EndGlobalSection
	GlobalSection(ExtensibilityGlobals) = postSolution
		SolutionGuid = {4E1EDFA2-04DB-4075-806B-548493C2475D}
	EndGlobalSection
EndGlobal
